// !$*UTF8*$!
{
	archiveVersion = 1;
	classes = {
	};
	objectVersion = 55;
	objects = {

/* Begin PBXBuildFile section */
		B80789452C19660700191F3A /* swiftday7appApp.swift in Sources */ = {isa = PBXBuildFile; fileRef = B80789442C19660700191F3A /* swiftday7appApp.swift */; };
		B80789472C19660700191F3A /* ContentView.swift in Sources */ = {isa = PBXBuildFile; fileRef = B80789462C19660700191F3A /* ContentView.swift */; };
		B80789492C19660900191F3A /* Assets.xcassets in Resources */ = {isa = PBXBuildFile; fileRef = B80789482C19660900191F3A /* Assets.xcassets */; };
		B807894C2C19660900191F3A /* Preview Assets.xcassets in Resources */ = {isa = PBXBuildFile; fileRef = B807894B2C19660900191F3A /* Preview Assets.xcassets */; };
		B80789532C19662C00191F3A /* Currency.swift in Sources */ = {isa = PBXBuildFile; fileRef = B80789522C19662C00191F3A /* Currency.swift */; };
		B80789552C19666100191F3A /* CurrencyViewModel.swift in Sources */ = {isa = PBXBuildFile; fileRef = B80789542C19666100191F3A /* CurrencyViewModel.swift */; };
		B80789572C1966D000191F3A /* PersistenceController.swift in Sources */ = {isa = PBXBuildFile; fileRef = B80789562C1966D000191F3A /* PersistenceController.swift */; };
		B807895B2C19676600191F3A /* Medication+CoreDataProperties.swift in Sources */ = {isa = PBXBuildFile; fileRef = B807895A2C19676600191F3A /* Medication+CoreDataProperties.swift */; };
		B807895D2C1967B800191F3A /* Medication+CoreDataClass.swift in Sources */ = {isa = PBXBuildFile; fileRef = B807895C2C1967B800191F3A /* Medication+CoreDataClass.swift */; };
		B80789602C196C4800191F3A /* AdvancedSwiftUIApp.xcdatamodeld in Sources */ = {isa = PBXBuildFile; fileRef = B807895E2C196C4800191F3A /* AdvancedSwiftUIApp.xcdatamodeld */; };
/* End PBXBuildFile section */

/* Begin PBXFileReference section */
		B80789412C19660700191F3A /* swiftday7app.app */ = {isa = PBXFileReference; explicitFileType = wrapper.application; includeInIndex = 0; path = swiftday7app.app; sourceTree = BUILT_PRODUCTS_DIR; };
		B80789442C19660700191F3A /* swiftday7appApp.swift */ = {isa = PBXFileReference; lastKnownFileType = sourcecode.swift; path = swiftday7appApp.swift; sourceTree = "<group>"; };
		B80789462C19660700191F3A /* ContentView.swift */ = {isa = PBXFileReference; lastKnownFileType = sourcecode.swift; path = ContentView.swift; sourceTree = "<group>"; };
		B80789482C19660900191F3A /* Assets.xcassets */ = {isa = PBXFileReference; lastKnownFileType = folder.assetcatalog; path = Assets.xcassets; sourceTree = "<group>"; };
		B807894B2C19660900191F3A /* Preview Assets.xcassets */ = {isa = PBXFileReference; lastKnownFileType = folder.assetcatalog; path = "Preview Assets.xcassets"; sourceTree = "<group>"; };
		B80789522C19662C00191F3A /* Currency.swift */ = {isa = PBXFileReference; lastKnownFileType = sourcecode.swift; path = Currency.swift; sourceTree = "<group>"; };
		B80789542C19666100191F3A /* CurrencyViewModel.swift */ = {isa = PBXFileReference; lastKnownFileType = sourcecode.swift; path = CurrencyViewModel.swift; sourceTree = "<group>"; };
		B80789562C1966D000191F3A /* PersistenceController.swift */ = {isa = PBXFileReference; lastKnownFileType = sourcecode.swift; path = PersistenceController.swift; sourceTree = "<group>"; };
		B807895A2C19676600191F3A /* Medication+CoreDataProperties.swift */ = {isa = PBXFileReference; lastKnownFileType = sourcecode.swift; path = "Medication+CoreDataProperties.swift"; sourceTree = "<group>"; };
		B807895C2C1967B800191F3A /* Medication+CoreDataClass.swift */ = {isa = PBXFileReference; lastKnownFileType = sourcecode.swift; path = "Medication+CoreDataClass.swift"; sourceTree = "<group>"; };
		B807895F2C196C4800191F3A /* AdvancedSwiftUIApp.xcdatamodel */ = {isa = PBXFileReference; lastKnownFileType = wrapper.xcdatamodel; path = AdvancedSwiftUIApp.xcdatamodel; sourceTree = "<group>"; };
/* End PBXFileReference section */

/* Begin PBXFrameworksBuildPhase section */
		B807893E2C19660700191F3A /* Frameworks */ = {
			isa = PBXFrameworksBuildPhase;
			buildActionMask = 2147483647;
			files = (
			);
			runOnlyForDeploymentPostprocessing = 0;
		};
/* End PBXFrameworksBuildPhase section */

/* Begin PBXGroup section */
		B80789382C19660700191F3A = {
			isa = PBXGroup;
			children = (
				B807895E2C196C4800191F3A /* AdvancedSwiftUIApp.xcdatamodeld */,
				B807895C2C1967B800191F3A /* Medication+CoreDataClass.swift */,
				B807895A2C19676600191F3A /* Medication+CoreDataProperties.swift */,
				B80789432C19660700191F3A /* swiftday7app */,
				B80789422C19660700191F3A /* Products */,
			);
			sourceTree = "<group>";
		};
		B80789422C19660700191F3A /* Products */ = {
			isa = PBXGroup;
			children = (
				B80789412C19660700191F3A /* swiftday7app.app */,
			);
			name = Products;
			sourceTree = "<group>";
		};
		B80789432C19660700191F3A /* swiftday7app */ = {
			isa = PBXGroup;
			children = (
				B80789442C19660700191F3A /* swiftday7appApp.swift */,
				B80789462C19660700191F3A /* ContentView.swift */,
				B80789482C19660900191F3A /* Assets.xcassets */,
				B807894A2C19660900191F3A /* Preview Content */,
				B80789522C19662C00191F3A /* Currency.swift */,
				B80789542C19666100191F3A /* CurrencyViewModel.swift */,
				B80789562C1966D000191F3A /* PersistenceController.swift */,
			);
			path = swiftday7app;
			sourceTree = "<group>";
		};
		B807894A2C19660900191F3A /* Preview Content */ = {
			isa = PBXGroup;
			children = (
				B807894B2C19660900191F3A /* Preview Assets.xcassets */,
			);
			path = "Preview Content";
			sourceTree = "<group>";
		};
/* End PBXGroup section */

/* Begin PBXNativeTarget section */
		B80789402C19660700191F3A /* swiftday7app */ = {
			isa = PBXNativeTarget;
			buildConfigurationList = B807894F2C19660900191F3A /* Build configuration list for PBXNativeTarget "swiftday7app" */;
			buildPhases = (
				B807893D2C19660700191F3A /* Sources */,
				B807893E2C19660700191F3A /* Frameworks */,
				B807893F2C19660700191F3A /* Resources */,
			);
			buildRules = (
			);
			dependencies = (
			);
			name = swiftday7app;
			productName = swiftday7app;
			productReference = B80789412C19660700191F3A /* swiftday7app.app */;
			productType = "com.apple.product-type.application";
		};
/* End PBXNativeTarget section */

/* Begin PBXProject section */
		B80789392C19660700191F3A /* Project object */ = {
			isa = PBXProject;
			attributes = {
				BuildIndependentTargetsInParallel = 1;
				LastSwiftUpdateCheck = 1320;
				LastUpgradeCheck = 1320;
				TargetAttributes = {
					B80789402C19660700191F3A = {
						CreatedOnToolsVersion = 13.2;
					};
				};
			};
			buildConfigurationList = B807893C2C19660700191F3A /* Build configuration list for PBXProject "swiftday7app" */;
			compatibilityVersion = "Xcode 13.0";
			developmentRegion = en;
			hasScannedForEncodings = 0;
			knownRegions = (
				en,
				Base,
			);
			mainGroup = B80789382C19660700191F3A;
			productRefGroup = B80789422C19660700191F3A /* Products */;
			projectDirPath = "";
			projectRoot = "";
			targets = (
				B80789402C19660700191F3A /* swiftday7app */,
			);
		};
/* End PBXProject section */

/* Begin PBXResourcesBuildPhase section */
		B807893F2C19660700191F3A /* Resources */ = {
			isa = PBXResourcesBuildPhase;
			buildActionMask = 2147483647;
			files = (
				B807894C2C19660900191F3A /* Preview Assets.xcassets in Resources */,
				B80789492C19660900191F3A /* Assets.xcassets in Resources */,
			);
			runOnlyForDeploymentPostprocessing = 0;
		};
/* End PBXResourcesBuildPhase section */

/* Begin PBXSourcesBuildPhase section */
		B807893D2C19660700191F3A /* Sources */ = {
			isa = PBXSourcesBuildPhase;
			buildActionMask = 2147483647;
			files = (
				B807895D2C1967B800191F3A /* Medication+CoreDataClass.swift in Sources */,
				B80789602C196C4800191F3A /* AdvancedSwiftUIApp.xcdatamodeld in Sources */,
				B80789532C19662C00191F3A /* Currency.swift in Sources */,
				B80789552C19666100191F3A /* CurrencyViewModel.swift in Sources */,
				B807895B2C19676600191F3A /* Medication+CoreDataProperties.swift in Sources */,
				B80789472C19660700191F3A /* ContentView.swift in Sources */,
				B80789452C19660700191F3A /* swiftday7appApp.swift in Sources */,
				B80789572C1966D000191F3A /* PersistenceController.swift in Sources */,
			);
			runOnlyForDeploymentPostprocessing = 0;
		};
/* End PBXSourcesBuildPhase section */

/* Begin XCBuildConfiguration section */
		B807894D2C19660900191F3A /* Debug */ = {
			isa = XCBuildConfiguration;
			buildSettings = {
				ALWAYS_SEARCH_USER_PATHS = NO;
				CLANG_ANALYZER_NONNULL = YES;
				CLANG_ANALYZER_NUMBER_OBJECT_CONVERSION = YES_AGGRESSIVE;
				CLANG_CXX_LANGUAGE_STANDARD = "gnu++17";
				CLANG_CXX_LIBRARY = "libc++";
				CLANG_ENABLE_MODULES = YES;
				CLANG_ENABLE_OBJC_ARC = YES;
				CLANG_ENABLE_OBJC_WEAK = YES;
				CLANG_WARN_BLOCK_CAPTURE_AUTORELEASING = YES;
				CLANG_WARN_BOOL_CONVERSION = YES;
				CLANG_WARN_COMMA = YES;
				CLANG_WARN_CONSTANT_CONVERSION = YES;
				CLANG_WARN_DEPRECATED_OBJC_IMPLEMENTATIONS = YES;
				CLANG_WARN_DIRECT_OBJC_ISA_USAGE = YES_ERROR;
				CLANG_WARN_DOCUMENTATION_COMMENTS = YES;
				CLANG_WARN_EMPTY_BODY = YES;
				CLANG_WARN_ENUM_CONVERSION = YES;
				CLANG_WARN_INFINITE_RECURSION = YES;
				CLANG_WARN_INT_CONVERSION = YES;
				CLANG_WARN_NON_LITERAL_NULL_CONVERSION = YES;
				CLANG_WARN_OBJC_IMPLICIT_RETAIN_SELF = YES;
				CLANG_WARN_OBJC_LITERAL_CONVERSION = YES;
				CLANG_WARN_OBJC_ROOT_CLASS = YES_ERROR;
				CLANG_WARN_QUOTED_INCLUDE_IN_FRAMEWORK_HEADER = YES;
				CLANG_WARN_RANGE_LOOP_ANALYSIS = YES;
				CLANG_WARN_STRICT_PROTOTYPES = YES;
				CLANG_WARN_SUSPICIOUS_MOVE = YES;
				CLANG_WARN_UNGUARDED_AVAILABILITY = YES_AGGRESSIVE;
				CLANG_WARN_UNREACHABLE_CODE = YES;
				CLANG_WARN__DUPLICATE_METHOD_MATCH = YES;
				COPY_PHASE_STRIP = NO;
				DEBUG_INFORMATION_FORMAT = dwarf;
				ENABLE_STRICT_OBJC_MSGSEND = YES;
				ENABLE_TESTABILITY = YES;
				GCC_C_LANGUAGE_STANDARD = gnu11;
				GCC_DYNAMIC_NO_PIC = NO;
				GCC_NO_COMMON_BLOCKS = YES;
				GCC_OPTIMIZATION_LEVEL = 0;
				GCC_PREPROCESSOR_DEFINITIONS = (
					"DEBUG=1",
					"$(inherited)",
				);
				GCC_WARN_64_TO_32_BIT_CONVERSION = YES;
				GCC_WARN_ABOUT_RETURN_TYPE = YES_ERROR;
				GCC_WARN_UNDECLARED_SELECTOR = YES;
				GCC_WARN_UNINITIALIZED_AUTOS = YES_AGGRESSIVE;
				GCC_WARN_UNUSED_FUNCTION = YES;
				GCC_WARN_UNUSED_VARIABLE = YES;
				IPHONEOS_DEPLOYMENT_TARGET = 15.2;
				MTL_ENABLE_DEBUG_INFO = INCLUDE_SOURCE;
				MTL_FAST_MATH = YES;
				ONLY_ACTIVE_ARCH = YES;
				SDKROOT = iphoneos;
				SWIFT_ACTIVE_COMPILATION_CONDITIONS = DEBUG;
				SWIFT_OPTIMIZATION_LEVEL = "-Onone";
			};
			name = Debug;
		};
		B807894E2C19660900191F3A /* Release */ = {
			isa = XCBuildConfiguration;
			buildSettings = {
				ALWAYS_SEARCH_USER_PATHS = NO;
				CLANG_ANALYZER_NONNULL = YES;
				CLANG_ANALYZER_NUMBER_OBJECT_CONVERSION = YES_AGGRESSIVE;
				CLANG_CXX_LANGUAGE_STANDARD = "gnu++17";
				CLANG_CXX_LIBRARY = "libc++";
				CLANG_ENABLE_MODULES = YES;
				CLANG_ENABLE_OBJC_ARC = YES;
				CLANG_ENABLE_OBJC_WEAK = YES;
				CLANG_WARN_BLOCK_CAPTURE_AUTORELEASING = YES;
				CLANG_WARN_BOOL_CONVERSION = YES;
				CLANG_WARN_COMMA = YES;
				CLANG_WARN_CONSTANT_CONVERSION = YES;
				CLANG_WARN_DEPRECATED_OBJC_IMPLEMENTATIONS = YES;
				CLANG_WARN_DIRECT_OBJC_ISA_USAGE = YES_ERROR;
				CLANG_WARN_DOCUMENTATION_COMMENTS = YES;
				CLANG_WARN_EMPTY_BODY = YES;
				CLANG_WARN_ENUM_CONVERSION = YES;
				CLANG_WARN_INFINITE_RECURSION = YES;
				CLANG_WARN_INT_CONVERSION = YES;
				CLANG_WARN_NON_LITERAL_NULL_CONVERSION = YES;
				CLANG_WARN_OBJC_IMPLICIT_RETAIN_SELF = YES;
				CLANG_WARN_OBJC_LITERAL_CONVERSION = YES;
				CLANG_WARN_OBJC_ROOT_CLASS = YES_ERROR;
				CLANG_WARN_QUOTED_INCLUDE_IN_FRAMEWORK_HEADER = YES;
				CLANG_WARN_RANGE_LOOP_ANALYSIS = YES;
				CLANG_WARN_STRICT_PROTOTYPES = YES;
				CLANG_WARN_SUSPICIOUS_MOVE = YES;
				CLANG_WARN_UNGUARDED_AVAILABILITY = YES_AGGRESSIVE;
				CLANG_WARN_UNREACHABLE_CODE = YES;
				CLANG_WARN__DUPLICATE_METHOD_MATCH = YES;
				COPY_PHASE_STRIP = NO;
				DEBUG_INFORMATION_FORMAT = "dwarf-with-dsym";
				ENABLE_NS_ASSERTIONS = NO;
				ENABLE_STRICT_OBJC_MSGSEND = YES;
				GCC_C_LANGUAGE_STANDARD = gnu11;
				GCC_NO_COMMON_BLOCKS = YES;
				GCC_WARN_64_TO_32_BIT_CONVERSION = YES;
				GCC_WARN_ABOUT_RETURN_TYPE = YES_ERROR;
				GCC_WARN_UNDECLARED_SELECTOR = YES;
				GCC_WARN_UNINITIALIZED_AUTOS = YES_AGGRESSIVE;
				GCC_WARN_UNUSED_FUNCTION = YES;
				GCC_WARN_UNUSED_VARIABLE = YES;
				IPHONEOS_DEPLOYMENT_TARGET = 15.2;
				MTL_ENABLE_DEBUG_INFO = NO;
				MTL_FAST_MATH = YES;
				SDKROOT = iphoneos;
				SWIFT_COMPILATION_MODE = wholemodule;
				SWIFT_OPTIMIZATION_LEVEL = "-O";
				VALIDATE_PRODUCT = YES;
			};
			name = Release;
		};
		B80789502C19660900191F3A /* Debug */ = {
			isa = XCBuildConfiguration;
			buildSettings = {
				ASSETCATALOG_COMPILER_APPICON_NAME = AppIcon;
				ASSETCATALOG_COMPILER_GLOBAL_ACCENT_COLOR_NAME = AccentColor;
				CODE_SIGN_STYLE = Automatic;
				CURRENT_PROJECT_VERSION = 1;
				DEVELOPMENT_ASSET_PATHS = "\"swiftday7app/Preview Content\"";
				ENABLE_PREVIEWS = YES;
				GENERATE_INFOPLIST_FILE = YES;
				INFOPLIST_KEY_UIApplicationSceneManifest_Generation = YES;
				INFOPLIST_KEY_UIApplicationSupportsIndirectInputEvents = YES;
				INFOPLIST_KEY_UILaunchScreen_Generation = YES;
				INFOPLIST_KEY_UISupportedInterfaceOrientations_iPad = "UIInterfaceOrientationPortrait UIInterfaceOrientationPortraitUpsideDown UIInterfaceOrientationLandscapeLeft UIInterfaceOrientationLandscapeRight";
				INFOPLIST_KEY_UISupportedInterfaceOrientations_iPhone = "UIInterfaceOrientationPortrait UIInterfaceOrientationLandscapeLeft UIInterfaceOrientationLandscapeRight";
				LD_RUNPATH_SEARCH_PATHS = (
					"$(inherited)",
					"@executable_path/Frameworks",
				);
				MARKETING_VERSION = 1.0;
				PRODUCT_BUNDLE_IDENTIFIER = test.swiftday7app;
				PRODUCT_NAME = "$(TARGET_NAME)";
				SWIFT_EMIT_LOC_STRINGS = YES;
				SWIFT_VERSION = 5.0;
				TARGETED_DEVICE_FAMILY = "1,2";
			};
			name = Debug;
		};
		B80789512C19660900191F3A /* Release */ = {
			isa = XCBuildConfiguration;
			buildSettings = {
				ASSETCATALOG_COMPILER_APPICON_NAME = AppIcon;
				ASSETCATALOG_COMPILER_GLOBAL_ACCENT_COLOR_NAME = AccentColor;
				CODE_SIGN_STYLE = Automatic;
				CURRENT_PROJECT_VERSION = 1;
				DEVELOPMENT_ASSET_PATHS = "\"swiftday7app/Preview Content\"";
				ENABLE_PREVIEWS = YES;
				GENERATE_INFOPLIST_FILE = YES;
				INFOPLIST_KEY_UIApplicationSceneManifest_Generation = YES;
				INFOPLIST_KEY_UIApplicationSupportsIndirectInputEvents = YES;
				INFOPLIST_KEY_UILaunchScreen_Generation = YES;
				INFOPLIST_KEY_UISupportedInterfaceOrientations_iPad = "UIInterfaceOrientationPortrait UIInterfaceOrientationPortraitUpsideDown UIInterfaceOrientationLandscapeLeft UIInterfaceOrientationLandscapeRight";
				INFOPLIST_KEY_UISupportedInterfaceOrientations_iPhone = "UIInterfaceOrientationPortrait UIInterfaceOrientationLandscapeLeft UIInterfaceOrientationLandscapeRight";
				LD_RUNPATH_SEARCH_PATHS = (
					"$(inherited)",
					"@executable_path/Frameworks",
				);
				MARKETING_VERSION = 1.0;
				PRODUCT_BUNDLE_IDENTIFIER = test.swiftday7app;
				PRODUCT_NAME = "$(TARGET_NAME)";
				SWIFT_EMIT_LOC_STRINGS = YES;
				SWIFT_VERSION = 5.0;
				TARGETED_DEVICE_FAMILY = "1,2";
			};
			name = Release;
		};
/* End XCBuildConfiguration section */

/* Begin XCConfigurationList section */
		B807893C2C19660700191F3A /* Build configuration list for PBXProject "swiftday7app" */ = {
			isa = XCConfigurationList;
			buildConfigurations = (
				B807894D2C19660900191F3A /* Debug */,
				B807894E2C19660900191F3A /* Release */,
			);
			defaultConfigurationIsVisible = 0;
			defaultConfigurationName = Release;
		};
		B807894F2C19660900191F3A /* Build configuration list for PBXNativeTarget "swiftday7app" */ = {
			isa = XCConfigurationList;
			buildConfigurations = (
				B80789502C19660900191F3A /* Debug */,
				B80789512C19660900191F3A /* Release */,
			);
			defaultConfigurationIsVisible = 0;
			defaultConfigurationName = Release;
		};
/* End XCConfigurationList section */

/* Begin XCVersionGroup section */
		B807895E2C196C4800191F3A /* AdvancedSwiftUIApp.xcdatamodeld */ = {
			isa = XCVersionGroup;
			children = (
				B807895F2C196C4800191F3A /* AdvancedSwiftUIApp.xcdatamodel */,
			);
			currentVersion = B807895F2C196C4800191F3A /* AdvancedSwiftUIApp.xcdatamodel */;
			path = AdvancedSwiftUIApp.xcdatamodeld;
			sourceTree = "<group>";
			versionGroupType = wrapper.xcdatamodel;
		};
/* End XCVersionGroup section */
	};
	rootObject = B80789392C19660700191F3A /* Project object */;
}
